# THIS IS AN AUTOGENERATED FILE. DO NOT EDIT THIS FILE DIRECTLY.
# yarn lockfile v1


"zenn-cli@^0.1.112":
  "integrity" "sha512-/6O/ZVNEjFYFEwhM4Xc9q8nf5WUP/eLhdSgyi7FDYeOQIWDnIaDCqyW6DmnKh/ilRQN9TBkY/7vtNINp54mTgA=="
  "resolved" "https://registry.npmjs.org/zenn-cli/-/zenn-cli-0.1.112.tgz"
  "version" "0.1.112"
